
Microsoft Visual Studio Solution File, Format Version 12.00
# Visual Studio Version 17
VisualStudioVersion = 17.11.35312.102
MinimumVisualStudioVersion = 10.0.40219.1
Project("{2150E333-8FDC-42A3-9474-1A3956D46DE8}") = "src", "src", "{0C352C9F-FB7A-476E-BECF-4B8365322873}"
EndProject
Project("{2150E333-8FDC-42A3-9474-1A3956D46DE8}") = "building blocks", "building blocks", "{56183AD6-8300-4104-887C-9D58BD33D04B}"
EndProject
Project("{2150E333-8FDC-42A3-9474-1A3956D46DE8}") = "Core", "Core", "{63DC3B1D-F73B-4468-B24A-DD003A3D53DA}"
EndProject
Project("{2150E333-8FDC-42A3-9474-1A3956D46DE8}") = "Data", "Data", "{9F0F5EBE-45FB-47D6-B300-231801C088D5}"
EndProject
Project("{2150E333-8FDC-42A3-9474-1A3956D46DE8}") = "Business", "Business", "{7B819ECE-98FF-4E33-952F-D4D1ACF3025D}"
EndProject
Project("{FAE04EC0-301F-11D3-BF4B-00C04F79EFBC}") = "TesteBackEnd.Core", "src\building blocks\TesteBackEnd.Core\TesteBackEnd.Core.csproj", "{2B1D2B8F-DBB6-42EC-9E41-05DAFA43C70B}"
EndProject
Project("{FAE04EC0-301F-11D3-BF4B-00C04F79EFBC}") = "TesteBackEnd.Data", "src\building blocks\TesteBackEnd.Data\TesteBackEnd.Data.csproj", "{1978A673-7D07-439F-873A-4181D8334552}"
EndProject
Project("{FAE04EC0-301F-11D3-BF4B-00C04F79EFBC}") = "TesteBackEnd.Business", "src\building blocks\TesteBackEnd.Business\TesteBackEnd.Business.csproj", "{4E64743E-37CB-49A6-832F-176764E25526}"
EndProject
Project("{2150E333-8FDC-42A3-9474-1A3956D46DE8}") = "services", "services", "{DD673C42-E582-4DFB-8282-FF9D4D2C1124}"
EndProject
Project("{FAE04EC0-301F-11D3-BF4B-00C04F79EFBC}") = "TesteBackEnd.API", "src\services\TesteBackEnd.API\TesteBackEnd.API.csproj", "{93FBEBF4-4C52-4C61-9099-1A2C414BBD75}"
EndProject
Project("{2150E333-8FDC-42A3-9474-1A3956D46DE8}") = "tests", "tests", "{C9CB0C13-230F-4005-BC71-87EA5695F77A}"
EndProject
Project("{FAE04EC0-301F-11D3-BF4B-00C04F79EFBC}") = "TesteBackEnd.Tests", "tests\TesteBackEnd.Tests\TesteBackEnd.Tests.csproj", "{1CA130CC-A096-4901-9B81-C701CEC10ABA}"
EndProject
Global
	GlobalSection(SolutionConfigurationPlatforms) = preSolution
		Debug|Any CPU = Debug|Any CPU
		Release|Any CPU = Release|Any CPU
	EndGlobalSection
	GlobalSection(ProjectConfigurationPlatforms) = postSolution
		{2B1D2B8F-DBB6-42EC-9E41-05DAFA43C70B}.Debug|Any CPU.ActiveCfg = Debug|Any CPU
		{2B1D2B8F-DBB6-42EC-9E41-05DAFA43C70B}.Debug|Any CPU.Build.0 = Debug|Any CPU
		{2B1D2B8F-DBB6-42EC-9E41-05DAFA43C70B}.Release|Any CPU.ActiveCfg = Release|Any CPU
		{2B1D2B8F-DBB6-42EC-9E41-05DAFA43C70B}.Release|Any CPU.Build.0 = Release|Any CPU
		{1978A673-7D07-439F-873A-4181D8334552}.Debug|Any CPU.ActiveCfg = Debug|Any CPU
		{1978A673-7D07-439F-873A-4181D8334552}.Debug|Any CPU.Build.0 = Debug|Any CPU
		{1978A673-7D07-439F-873A-4181D8334552}.Release|Any CPU.ActiveCfg = Release|Any CPU
		{1978A673-7D07-439F-873A-4181D8334552}.Release|Any CPU.Build.0 = Release|Any CPU
		{4E64743E-37CB-49A6-832F-176764E25526}.Debug|Any CPU.ActiveCfg = Debug|Any CPU
		{4E64743E-37CB-49A6-832F-176764E25526}.Debug|Any CPU.Build.0 = Debug|Any CPU
		{4E64743E-37CB-49A6-832F-176764E25526}.Release|Any CPU.ActiveCfg = Release|Any CPU
		{4E64743E-37CB-49A6-832F-176764E25526}.Release|Any CPU.Build.0 = Release|Any CPU
		{93FBEBF4-4C52-4C61-9099-1A2C414BBD75}.Debug|Any CPU.ActiveCfg = Debug|Any CPU
		{93FBEBF4-4C52-4C61-9099-1A2C414BBD75}.Debug|Any CPU.Build.0 = Debug|Any CPU
		{93FBEBF4-4C52-4C61-9099-1A2C414BBD75}.Release|Any CPU.ActiveCfg = Release|Any CPU
		{93FBEBF4-4C52-4C61-9099-1A2C414BBD75}.Release|Any CPU.Build.0 = Release|Any CPU
		{1CA130CC-A096-4901-9B81-C701CEC10ABA}.Debug|Any CPU.ActiveCfg = Debug|Any CPU
		{1CA130CC-A096-4901-9B81-C701CEC10ABA}.Debug|Any CPU.Build.0 = Debug|Any CPU
		{1CA130CC-A096-4901-9B81-C701CEC10ABA}.Release|Any CPU.ActiveCfg = Release|Any CPU
		{1CA130CC-A096-4901-9B81-C701CEC10ABA}.Release|Any CPU.Build.0 = Release|Any CPU
	EndGlobalSection
	GlobalSection(SolutionProperties) = preSolution
		HideSolutionNode = FALSE
	EndGlobalSection
	GlobalSection(NestedProjects) = preSolution
		{56183AD6-8300-4104-887C-9D58BD33D04B} = {0C352C9F-FB7A-476E-BECF-4B8365322873}
		{63DC3B1D-F73B-4468-B24A-DD003A3D53DA} = {56183AD6-8300-4104-887C-9D58BD33D04B}
		{9F0F5EBE-45FB-47D6-B300-231801C088D5} = {56183AD6-8300-4104-887C-9D58BD33D04B}
		{7B819ECE-98FF-4E33-952F-D4D1ACF3025D} = {56183AD6-8300-4104-887C-9D58BD33D04B}
		{2B1D2B8F-DBB6-42EC-9E41-05DAFA43C70B} = {63DC3B1D-F73B-4468-B24A-DD003A3D53DA}
		{1978A673-7D07-439F-873A-4181D8334552} = {9F0F5EBE-45FB-47D6-B300-231801C088D5}
		{4E64743E-37CB-49A6-832F-176764E25526} = {7B819ECE-98FF-4E33-952F-D4D1ACF3025D}
		{DD673C42-E582-4DFB-8282-FF9D4D2C1124} = {0C352C9F-FB7A-476E-BECF-4B8365322873}
		{93FBEBF4-4C52-4C61-9099-1A2C414BBD75} = {DD673C42-E582-4DFB-8282-FF9D4D2C1124}
		{1CA130CC-A096-4901-9B81-C701CEC10ABA} = {C9CB0C13-230F-4005-BC71-87EA5695F77A}
	EndGlobalSection
	GlobalSection(ExtensibilityGlobals) = postSolution
		SolutionGuid = {2AD75267-1E20-47C1-95D5-23624948651D}
	EndGlobalSection
EndGlobal
